
Microsoft Visual Studio Solution File, Format Version 12.00
# Visual Studio Version 17
VisualStudioVersion = 17.0.31903.59
MinimumVisualStudioVersion = 10.0.40219.1
Project("{FAE04EC0-301F-11D3-BF4B-00C04F79EFBC}") = "API", "API\API.csproj", "{AD6B4626-29A2-402A-9FC9-555F17867ACD}"
EndProject
Project("{FAE04EC0-301F-11D3-BF4B-00C04F79EFBC}") = "Application", "Application\Application.csproj", "{A733D5CB-123A-49D1-AE22-9AF44804DA16}"
EndProject
Project("{FAE04EC0-301F-11D3-BF4B-00C04F79EFBC}") = "Domain", "Domain\Domain.csproj", "{B5D96089-FF3F-47C0-9D7E-4F5F0A3C5798}"
EndProject
Project("{FAE04EC0-301F-11D3-BF4B-00C04F79EFBC}") = "Persistence", "Persistence\Persistence.csproj", "{8A4CC7B7-9F95-4B78-B0DA-762DB2C09F04}"
EndProject
Global
	GlobalSection(SolutionConfigurationPlatforms) = preSolution
		Debug|Any CPU = Debug|Any CPU
		Release|Any CPU = Release|Any CPU
	EndGlobalSection
	GlobalSection(SolutionProperties) = preSolution
		HideSolutionNode = FALSE
	EndGlobalSection
	GlobalSection(ProjectConfigurationPlatforms) = postSolution
		{AD6B4626-29A2-402A-9FC9-555F17867ACD}.Debug|Any CPU.ActiveCfg = Debug|Any CPU
		{AD6B4626-29A2-402A-9FC9-555F17867ACD}.Debug|Any CPU.Build.0 = Debug|Any CPU
		{AD6B4626-29A2-402A-9FC9-555F17867ACD}.Release|Any CPU.ActiveCfg = Release|Any CPU
		{AD6B4626-29A2-402A-9FC9-555F17867ACD}.Release|Any CPU.Build.0 = Release|Any CPU
		{A733D5CB-123A-49D1-AE22-9AF44804DA16}.Debug|Any CPU.ActiveCfg = Debug|Any CPU
		{A733D5CB-123A-49D1-AE22-9AF44804DA16}.Debug|Any CPU.Build.0 = Debug|Any CPU
		{A733D5CB-123A-49D1-AE22-9AF44804DA16}.Release|Any CPU.ActiveCfg = Release|Any CPU
		{A733D5CB-123A-49D1-AE22-9AF44804DA16}.Release|Any CPU.Build.0 = Release|Any CPU
		{B5D96089-FF3F-47C0-9D7E-4F5F0A3C5798}.Debug|Any CPU.ActiveCfg = Debug|Any CPU
		{B5D96089-FF3F-47C0-9D7E-4F5F0A3C5798}.Debug|Any CPU.Build.0 = Debug|Any CPU
		{B5D96089-FF3F-47C0-9D7E-4F5F0A3C5798}.Release|Any CPU.ActiveCfg = Release|Any CPU
		{B5D96089-FF3F-47C0-9D7E-4F5F0A3C5798}.Release|Any CPU.Build.0 = Release|Any CPU
		{8A4CC7B7-9F95-4B78-B0DA-762DB2C09F04}.Debug|Any CPU.ActiveCfg = Debug|Any CPU
		{8A4CC7B7-9F95-4B78-B0DA-762DB2C09F04}.Debug|Any CPU.Build.0 = Debug|Any CPU
		{8A4CC7B7-9F95-4B78-B0DA-762DB2C09F04}.Release|Any CPU.ActiveCfg = Release|Any CPU
		{8A4CC7B7-9F95-4B78-B0DA-762DB2C09F04}.Release|Any CPU.Build.0 = Release|Any CPU
	EndGlobalSection
EndGlobal
